
Microsoft Visual Studio Solution File, Format Version 12.00
# Visual Studio 15
VisualStudioVersion = 15.0.27703.2047
MinimumVisualStudioVersion = 10.0.40219.1
Project("{FAE04EC0-301F-11D3-BF4B-00C04F79EFBC}") = "RestWithASP", "RestWithASP\RestWithASP.csproj", "{C5EB0A9B-0C93-4C7F-80B6-60D09D0E4B00}"
EndProject
Global
	GlobalSection(SolutionConfigurationPlatforms) = preSolution
		Debug|Any CPU = Debug|Any CPU
		Release|Any CPU = Release|Any CPU
	EndGlobalSection
	GlobalSection(ProjectConfigurationPlatforms) = postSolution
		{C5EB0A9B-0C93-4C7F-80B6-60D09D0E4B00}.Debug|Any CPU.ActiveCfg = Debug|Any CPU
		{C5EB0A9B-0C93-4C7F-80B6-60D09D0E4B00}.Debug|Any CPU.Build.0 = Debug|Any CPU
		{C5EB0A9B-0C93-4C7F-80B6-60D09D0E4B00}.Release|Any CPU.ActiveCfg = Release|Any CPU
		{C5EB0A9B-0C93-4C7F-80B6-60D09D0E4B00}.Release|Any CPU.Build.0 = Release|Any CPU
	EndGlobalSection
	GlobalSection(SolutionProperties) = preSolution
		HideSolutionNode = FALSE
	EndGlobalSection
	GlobalSection(ExtensibilityGlobals) = postSolution
		SolutionGuid = {6A5E6D11-96B5-4A9E-AFD7-1A68B91B88D0}
	EndGlobalSection
EndGlobal
